
Microsoft Visual Studio Solution File, Format Version 12.00
# Visual Studio Version 17
VisualStudioVersion = 17.4.33213.308
MinimumVisualStudioVersion = 10.0.40219.1
Project("{9A19103F-16F7-4668-BE54-9A1E7A4F7556}") = "Student Details Task", "Student Details Task\Student Details Task.csproj", "{76E64450-089D-4ADD-B151-A972AD0D9061}"
EndProject
Global
	GlobalSection(SolutionConfigurationPlatforms) = preSolution
		Debug|Any CPU = Debug|Any CPU
		Release|Any CPU = Release|Any CPU
	EndGlobalSection
	GlobalSection(ProjectConfigurationPlatforms) = postSolution
		{76E64450-089D-4ADD-B151-A972AD0D9061}.Debug|Any CPU.ActiveCfg = Debug|Any CPU
		{76E64450-089D-4ADD-B151-A972AD0D9061}.Debug|Any CPU.Build.0 = Debug|Any CPU
		{76E64450-089D-4ADD-B151-A972AD0D9061}.Release|Any CPU.ActiveCfg = Release|Any CPU
		{76E64450-089D-4ADD-B151-A972AD0D9061}.Release|Any CPU.Build.0 = Release|Any CPU
	EndGlobalSection
	GlobalSection(SolutionProperties) = preSolution
		HideSolutionNode = FALSE
	EndGlobalSection
	GlobalSection(ExtensibilityGlobals) = postSolution
		SolutionGuid = {3BC6F0ED-7067-4C81-8570-517BBEE98EE7}
	EndGlobalSection
EndGlobal
